
Microsoft Visual Studio Solution File, Format Version 12.00
# Visual Studio Version 16
VisualStudioVersion = 16.0.30320.27
MinimumVisualStudioVersion = 10.0.40219.1
Project("{FAE04EC0-301F-11D3-BF4B-00C04F79EFBC}") = "PDI_2020", "PDI_2020\PDI_2020.csproj", "{50296621-C402-4BCD-B801-5EAD5ACF7DE2}"
EndProject
Global
	GlobalSection(SolutionConfigurationPlatforms) = preSolution
		Debug|Any CPU = Debug|Any CPU
		Release|Any CPU = Release|Any CPU
	EndGlobalSection
	GlobalSection(ProjectConfigurationPlatforms) = postSolution
		{50296621-C402-4BCD-B801-5EAD5ACF7DE2}.Debug|Any CPU.ActiveCfg = Debug|Any CPU
		{50296621-C402-4BCD-B801-5EAD5ACF7DE2}.Debug|Any CPU.Build.0 = Debug|Any CPU
		{50296621-C402-4BCD-B801-5EAD5ACF7DE2}.Release|Any CPU.ActiveCfg = Release|Any CPU
		{50296621-C402-4BCD-B801-5EAD5ACF7DE2}.Release|Any CPU.Build.0 = Release|Any CPU
	EndGlobalSection
	GlobalSection(SolutionProperties) = preSolution
		HideSolutionNode = FALSE
	EndGlobalSection
	GlobalSection(ExtensibilityGlobals) = postSolution
		SolutionGuid = {CA2985DF-217D-4EBF-AAEB-E4DFABB2B6EB}
	EndGlobalSection
EndGlobal
